Microsoft Visual Studio Solution File, Format Version 12.00
# Visual Studio Version 17
VisualStudioVersion = 17.3.32929.385
MinimumVisualStudioVersion = 10.0.40219.1
Project("{9A19103F-16F7-4668-BE54-9A1E7A4F7556}") = "Synapse Z", "Synapse Z\Synapse Z.csproj", "{D14BE753-A5A1-4D8A-AC37-3CB073B5F6BA}"
EndProject
Global
	GlobalSection(SolutionConfigurationPlatforms) = preSolution
		Debug|Any CPU = Debug|Any CPU
		Debug|x64 = Debug|x64
		Release|Any CPU = Release|Any CPU
		Release|x64 = Release|x64
	EndGlobalSection
	GlobalSection(ProjectConfigurationPlatforms) = postSolution
		{D14BE753-A5A1-4D8A-AC37-3CB073B5F6BA}.Debug|Any CPU.ActiveCfg = Debug|Any CPU
		{D14BE753-A5A1-4D8A-AC37-3CB073B5F6BA}.Debug|Any CPU.Build.0 = Debug|Any CPU
		{D14BE753-A5A1-4D8A-AC37-3CB073B5F6BA}.Debug|x64.ActiveCfg = Debug|x64
		{D14BE753-A5A1-4D8A-AC37-3CB073B5F6BA}.Debug|x64.Build.0 = Debug|x64
		{D14BE753-A5A1-4D8A-AC37-3CB073B5F6BA}.Release|Any CPU.ActiveCfg = Release|Any CPU
		{D14BE753-A5A1-4D8A-AC37-3CB073B5F6BA}.Release|Any CPU.Build.0 = Release|Any CPU
		{D14BE753-A5A1-4D8A-AC37-3CB073B5F6BA}.Release|x64.ActiveCfg = Release|x64
		{D14BE753-A5A1-4D8A-AC37-3CB073B5F6BA}.Release|x64.Build.0 = Release|x64
	EndGlobalSection
	GlobalSection(SolutionProperties) = preSolution
		HideSolutionNode = FALSE
	EndGlobalSection
	GlobalSection(ExtensibilityGlobals) = postSolution
		SolutionGuid = {78C272C0-9D27-4623-8182-C41040B3BC59}
	EndGlobalSection
EndGlobal
